// !$*UTF8*$!
{
	archiveVersion = 1;
	classes = {
	};
	objectVersion = 50;
	objects = {

/* Begin PBXBuildFile section */
		562F69CE257157D000C50C97 /* AppDelegate.swift in Sources */ = {isa = PBXBuildFile; fileRef = 562F69CD257157D000C50C97 /* AppDelegate.swift */; };
		562F69D0257157D000C50C97 /* SceneDelegate.swift in Sources */ = {isa = PBXBuildFile; fileRef = 562F69CF257157D000C50C97 /* SceneDelegate.swift */; };
		562F69D2257157D000C50C97 /* ViewController.swift in Sources */ = {isa = PBXBuildFile; fileRef = 562F69D1257157D000C50C97 /* ViewController.swift */; };
		562F69D5257157D000C50C97 /* Main.storyboard in Resources */ = {isa = PBXBuildFile; fileRef = 562F69D3257157D000C50C97 /* Main.storyboard */; };
		562F69D7257157D300C50C97 /* Assets.xcassets in Resources */ = {isa = PBXBuildFile; fileRef = 562F69D6257157D300C50C97 /* Assets.xcassets */; };
		562F69DA257157D400C50C97 /* LaunchScreen.storyboard in Resources */ = {isa = PBXBuildFile; fileRef = 562F69D8257157D400C50C97 /* LaunchScreen.storyboard */; };
		562F6A212572103100C50C97 /* NewsCollectionViewCell.xib in Resources */ = {isa = PBXBuildFile; fileRef = 562F6A1F2572103100C50C97 /* NewsCollectionViewCell.xib */; };
		562F6A2B2572106300C50C97 /* NewsTableViewCell.xib in Resources */ = {isa = PBXBuildFile; fileRef = 562F6A292572106300C50C97 /* NewsTableViewCell.xib */; };
		562F6A2C2572106300C50C97 /* NewsTableViewCell.swift in Sources */ = {isa = PBXBuildFile; fileRef = 562F6A2A2572106300C50C97 /* NewsTableViewCell.swift */; };
		562F6A34257216C700C50C97 /* NewsCollectionViewCell.swift in Sources */ = {isa = PBXBuildFile; fileRef = 562F6A33257216C700C50C97 /* NewsCollectionViewCell.swift */; };
		562F6A392572171B00C50C97 /* News.swift in Sources */ = {isa = PBXBuildFile; fileRef = 562F6A382572171B00C50C97 /* News.swift */; };
		562F6A3F25721D4800C50C97 /* NewsData.swift in Sources */ = {isa = PBXBuildFile; fileRef = 562F6A3E25721D4800C50C97 /* NewsData.swift */; };
		562F6A462572A5DF00C50C97 /* GottaHearCollectionViewCell.swift in Sources */ = {isa = PBXBuildFile; fileRef = 562F6A442572A5DF00C50C97 /* GottaHearCollectionViewCell.swift */; };
		562F6A472572A5DF00C50C97 /* GottaHearCollectionViewCell.xib in Resources */ = {isa = PBXBuildFile; fileRef = 562F6A452572A5DF00C50C97 /* GottaHearCollectionViewCell.xib */; };
		562F6A4F2572A60200C50C97 /* GottaHearTableViewCell.swift in Sources */ = {isa = PBXBuildFile; fileRef = 562F6A4D2572A60200C50C97 /* GottaHearTableViewCell.swift */; };
		562F6A502572A60200C50C97 /* GottaHearTableViewCell.xib in Resources */ = {isa = PBXBuildFile; fileRef = 562F6A4E2572A60200C50C97 /* GottaHearTableViewCell.xib */; };
		562F6A5425735E2D00C50C97 /* GottaHearData.swift in Sources */ = {isa = PBXBuildFile; fileRef = 562F6A5325735E2D00C50C97 /* GottaHearData.swift */; };
		562F6A5725735E3B00C50C97 /* GottaHear.swift in Sources */ = {isa = PBXBuildFile; fileRef = 562F6A5625735E3B00C50C97 /* GottaHear.swift */; };
		562F6A6325738DAD00C50C97 /* MoodTableViewCell.swift in Sources */ = {isa = PBXBuildFile; fileRef = 562F6A6125738DAD00C50C97 /* MoodTableViewCell.swift */; };
		562F6A6425738DAD00C50C97 /* MoodTableViewCell.xib in Resources */ = {isa = PBXBuildFile; fileRef = 562F6A6225738DAD00C50C97 /* MoodTableViewCell.xib */; };
		562F6A6D25738DCD00C50C97 /* MoodCollectionViewCell.swift in Sources */ = {isa = PBXBuildFile; fileRef = 562F6A6B25738DCD00C50C97 /* MoodCollectionViewCell.swift */; };
		562F6A6E25738DCD00C50C97 /* MoodCollectionViewCell.xib in Resources */ = {isa = PBXBuildFile; fileRef = 562F6A6C25738DCD00C50C97 /* MoodCollectionViewCell.xib */; };
		562F6A712573901F00C50C97 /* Mood.swift in Sources */ = {isa = PBXBuildFile; fileRef = 562F6A702573901F00C50C97 /* Mood.swift */; };
		562F6A742573902800C50C97 /* MoodData.swift in Sources */ = {isa = PBXBuildFile; fileRef = 562F6A732573902800C50C97 /* MoodData.swift */; };
		562F6A7B257393C500C50C97 /* WeekendData.swift in Sources */ = {isa = PBXBuildFile; fileRef = 562F6A7A257393C500C50C97 /* WeekendData.swift */; };
		562F6A802573947600C50C97 /* WeekendTableViewCell.swift in Sources */ = {isa = PBXBuildFile; fileRef = 562F6A7E2573947600C50C97 /* WeekendTableViewCell.swift */; };
		562F6A812573947600C50C97 /* WeekendTableViewCell.xib in Resources */ = {isa = PBXBuildFile; fileRef = 562F6A7F2573947600C50C97 /* WeekendTableViewCell.xib */; };
		562F6A852573973100C50C97 /* HotTrackData.swift in Sources */ = {isa = PBXBuildFile; fileRef = 562F6A842573973100C50C97 /* HotTrackData.swift */; };
		562F6A882573974000C50C97 /* HotTrackSong.swift in Sources */ = {isa = PBXBuildFile; fileRef = 562F6A872573974000C50C97 /* HotTrackSong.swift */; };
		562F6A8E257397D100C50C97 /* HotTrackTableViewCell.swift in Sources */ = {isa = PBXBuildFile; fileRef = 562F6A8C257397D100C50C97 /* HotTrackTableViewCell.swift */; };
		562F6A8F257397D100C50C97 /* HotTrackTableViewCell.xib in Resources */ = {isa = PBXBuildFile; fileRef = 562F6A8D257397D100C50C97 /* HotTrackTableViewCell.xib */; };
		562F6A942573995100C50C97 /* HotTrackCollectionViewCell.swift in Sources */ = {isa = PBXBuildFile; fileRef = 562F6A922573995100C50C97 /* HotTrackCollectionViewCell.swift */; };
		562F6A952573995100C50C97 /* HotTrackCollectionViewCell.xib in Resources */ = {isa = PBXBuildFile; fileRef = 562F6A932573995100C50C97 /* HotTrackCollectionViewCell.xib */; };
		562F6A9D25739A1900C50C97 /* HotTrackSongTableViewCell.swift in Sources */ = {isa = PBXBuildFile; fileRef = 562F6A9B25739A1900C50C97 /* HotTrackSongTableViewCell.swift */; };
		562F6A9E25739A1900C50C97 /* HotTrackSongTableViewCell.xib in Resources */ = {isa = PBXBuildFile; fileRef = 562F6A9C25739A1900C50C97 /* HotTrackSongTableViewCell.xib */; };
		562F6AA22573A82200C50C97 /* HotTrack.swift in Sources */ = {isa = PBXBuildFile; fileRef = 562F6AA12573A82200C50C97 /* HotTrack.swift */; };
		562F6AA82573B01C00C50C97 /* NewMusicTableViewCell.xib in Resources */ = {isa = PBXBuildFile; fileRef = 562F6AA62573B01C00C50C97 /* NewMusicTableViewCell.xib */; };
		562F6AB62573B29D00C50C97 /* NewMusicData.swift in Sources */ = {isa = PBXBuildFile; fileRef = 562F6AB52573B29D00C50C97 /* NewMusicData.swift */; };
		562F6ABA2573B6DD00C50C97 /* NewMusicTableViewCell.swift in Sources */ = {isa = PBXBuildFile; fileRef = 562F6AB92573B6DD00C50C97 /* NewMusicTableViewCell.swift */; };
		562F6AC12573BC4800C50C97 /* RadioTableViewCell.swift in Sources */ = {isa = PBXBuildFile; fileRef = 562F6ABF2573BC4800C50C97 /* RadioTableViewCell.swift */; };
		562F6AC22573BC4800C50C97 /* RadioTableViewCell.xib in Resources */ = {isa = PBXBuildFile; fileRef = 562F6AC02573BC4800C50C97 /* RadioTableViewCell.xib */; };
		562F6AC52573BDAB00C50C97 /* RadioData.swift in Sources */ = {isa = PBXBuildFile; fileRef = 562F6AC42573BDAB00C50C97 /* RadioData.swift */; };
		562F6ACB2573C01300C50C97 /* DailyTopTableViewCell.swift in Sources */ = {isa = PBXBuildFile; fileRef = 562F6AC92573C01300C50C97 /* DailyTopTableViewCell.swift */; };
		562F6ACC2573C01300C50C97 /* DailyTopTableViewCell.xib in Resources */ = {isa = PBXBuildFile; fileRef = 562F6ACA2573C01300C50C97 /* DailyTopTableViewCell.xib */; };
		562F6AD02573C3F200C50C97 /* DailyTopData.swift in Sources */ = {isa = PBXBuildFile; fileRef = 562F6ACF2573C3F200C50C97 /* DailyTopData.swift */; };
		562F6ADB2573C70200C50C97 /* UpdateTableViewCell.swift in Sources */ = {isa = PBXBuildFile; fileRef = 562F6AD92573C70200C50C97 /* UpdateTableViewCell.swift */; };
		562F6ADC2573C70200C50C97 /* UpdateTableViewCell.xib in Resources */ = {isa = PBXBuildFile; fileRef = 562F6ADA2573C70200C50C97 /* UpdateTableViewCell.xib */; };
		562F6AE02573C8B200C50C97 /* UpdateCollectionViewCell.swift in Sources */ = {isa = PBXBuildFile; fileRef = 562F6ADE2573C8B200C50C97 /* UpdateCollectionViewCell.swift */; };
		562F6AE12573C8B200C50C97 /* UpdateCollectionViewCell.xib in Resources */ = {isa = PBXBuildFile; fileRef = 562F6ADF2573C8B200C50C97 /* UpdateCollectionViewCell.xib */; };
		562F6AE42573CA0700C50C97 /* Update.swift in Sources */ = {isa = PBXBuildFile; fileRef = 562F6AE32573CA0700C50C97 /* Update.swift */; };
		562F6AE72573CA2100C50C97 /* UpdateData.swift in Sources */ = {isa = PBXBuildFile; fileRef = 562F6AE62573CA2100C50C97 /* UpdateData.swift */; };
		562F6AEE2573CEE900C50C97 /* LovingTableViewCell.swift in Sources */ = {isa = PBXBuildFile; fileRef = 562F6AEC2573CEE900C50C97 /* LovingTableViewCell.swift */; };
		562F6AEF2573CEE900C50C97 /* LovingTableViewCell.xib in Resources */ = {isa = PBXBuildFile; fileRef = 562F6AED2573CEE900C50C97 /* LovingTableViewCell.xib */; };
		562F6AF32573D02F00C50C97 /* LovingData.swift in Sources */ = {isa = PBXBuildFile; fileRef = 562F6AF22573D02F00C50C97 /* LovingData.swift */; };
		562F6AF82573D11B00C50C97 /* EasyTableViewCell.swift in Sources */ = {isa = PBXBuildFile; fileRef = 562F6AF62573D11B00C50C97 /* EasyTableViewCell.swift */; };
		562F6AF92573D11B00C50C97 /* EasyTableViewCell.xib in Resources */ = {isa = PBXBuildFile; fileRef = 562F6AF72573D11B00C50C97 /* EasyTableViewCell.xib */; };
		562F6AFD2573D23000C50C97 /* EasyData.swift in Sources */ = {isa = PBXBuildFile; fileRef = 562F6AFC2573D23000C50C97 /* EasyData.swift */; };
		562F6B032573D2CA00C50C97 /* SoonTableViewCell.swift in Sources */ = {isa = PBXBuildFile; fileRef = 562F6B012573D2CA00C50C97 /* SoonTableViewCell.swift */; };
		562F6B042573D2CA00C50C97 /* SoonTableViewCell.xib in Resources */ = {isa = PBXBuildFile; fileRef = 562F6B022573D2CA00C50C97 /* SoonTableViewCell.xib */; };
		562F6B092573D2DB00C50C97 /* InterviewTableViewCell.swift in Sources */ = {isa = PBXBuildFile; fileRef = 562F6B072573D2DB00C50C97 /* InterviewTableViewCell.swift */; };
		562F6B0A2573D2DB00C50C97 /* InterviewTableViewCell.xib in Resources */ = {isa = PBXBuildFile; fileRef = 562F6B082573D2DB00C50C97 /* InterviewTableViewCell.xib */; };
		562F6B0D2573D41C00C50C97 /* InterviewData.swift in Sources */ = {isa = PBXBuildFile; fileRef = 562F6B0C2573D41C00C50C97 /* InterviewData.swift */; };
		562F6B102573D47200C50C97 /* Interview.swift in Sources */ = {isa = PBXBuildFile; fileRef = 562F6B0F2573D47200C50C97 /* Interview.swift */; };
		562F6B142573D4BE00C50C97 /* InterviewCollectionViewCell.swift in Sources */ = {isa = PBXBuildFile; fileRef = 562F6B122573D4BE00C50C97 /* InterviewCollectionViewCell.swift */; };
		562F6B152573D4BE00C50C97 /* InterviewCollectionViewCell.xib in Resources */ = {isa = PBXBuildFile; fileRef = 562F6B132573D4BE00C50C97 /* InterviewCollectionViewCell.xib */; };
		562F6B182573D94D00C50C97 /* SoonData.swift in Sources */ = {isa = PBXBuildFile; fileRef = 562F6B172573D94D00C50C97 /* SoonData.swift */; };
		562F6B1D2573DA4200C50C97 /* ExploreTableViewCell.swift in Sources */ = {isa = PBXBuildFile; fileRef = 562F6B1B2573DA4200C50C97 /* ExploreTableViewCell.swift */; };
		562F6B1E2573DA4200C50C97 /* ExploreTableViewCell.xib in Resources */ = {isa = PBXBuildFile; fileRef = 562F6B1C2573DA4200C50C97 /* ExploreTableViewCell.xib */; };
		562F6B232573DC6000C50C97 /* MoreExploreTableViewCell.swift in Sources */ = {isa = PBXBuildFile; fileRef = 562F6B212573DC6000C50C97 /* MoreExploreTableViewCell.swift */; };
		562F6B242573DC6000C50C97 /* MoreExploreTableViewCell.xib in Resources */ = {isa = PBXBuildFile; fileRef = 562F6B222573DC6000C50C97 /* MoreExploreTableViewCell.xib */; };
/* End PBXBuildFile section */

/* Begin PBXFileReference section */
		562F69CA257157D000C50C97 /* apple-music.app */ = {isa = PBXFileReference; explicitFileType = wrapper.application; includeInIndex = 0; path = "apple-music.app"; sourceTree = BUILT_PRODUCTS_DIR; };
		562F69CD257157D000C50C97 /* AppDelegate.swift */ = {isa = PBXFileReference; lastKnownFileType = sourcecode.swift; path = AppDelegate.swift; sourceTree = "<group>"; };
		562F69CF257157D000C50C97 /* SceneDelegate.swift */ = {isa = PBXFileReference; lastKnownFileType = sourcecode.swift; path = SceneDelegate.swift; sourceTree = "<group>"; };
		562F69D1257157D000C50C97 /* ViewController.swift */ = {isa = PBXFileReference; lastKnownFileType = sourcecode.swift; path = ViewController.swift; sourceTree = "<group>"; };
		562F69D4257157D000C50C97 /* Base */ = {isa = PBXFileReference; lastKnownFileType = file.storyboard; name = Base; path = Base.lproj/Main.storyboard; sourceTree = "<group>"; };
		562F69D6257157D300C50C97 /* Assets.xcassets */ = {isa = PBXFileReference; lastKnownFileType = folder.assetcatalog; path = Assets.xcassets; sourceTree = "<group>"; };
		562F69D9257157D400C50C97 /* Base */ = {isa = PBXFileReference; lastKnownFileType = file.storyboard; name = Base; path = Base.lproj/LaunchScreen.storyboard; sourceTree = "<group>"; };
		562F69DB257157D400C50C97 /* Info.plist */ = {isa = PBXFileReference; lastKnownFileType = text.plist.xml; path = Info.plist; sourceTree = "<group>"; };
		562F6A1F2572103100C50C97 /* NewsCollectionViewCell.xib */ = {isa = PBXFileReference; lastKnownFileType = file.xib; path = NewsCollectionViewCell.xib; sourceTree = "<group>"; };
		562F6A292572106300C50C97 /* NewsTableViewCell.xib */ = {isa = PBXFileReference; fileEncoding = 4; lastKnownFileType = file.xib; path = NewsTableViewCell.xib; sourceTree = "<group>"; };
		562F6A2A2572106300C50C97 /* NewsTableViewCell.swift */ = {isa = PBXFileReference; fileEncoding = 4; lastKnownFileType = sourcecode.swift; path = NewsTableViewCell.swift; sourceTree = "<group>"; };
		562F6A33257216C700C50C97 /* NewsCollectionViewCell.swift */ = {isa = PBXFileReference; fileEncoding = 4; lastKnownFileType = sourcecode.swift; path = NewsCollectionViewCell.swift; sourceTree = "<group>"; };
		562F6A382572171B00C50C97 /* News.swift */ = {isa = PBXFileReference; lastKnownFileType = sourcecode.swift; path = News.swift; sourceTree = "<group>"; };
		562F6A3E25721D4800C50C97 /* NewsData.swift */ = {isa = PBXFileReference; lastKnownFileType = sourcecode.swift; path = NewsData.swift; sourceTree = "<group>"; };
		562F6A442572A5DF00C50C97 /* GottaHearCollectionViewCell.swift */ = {isa = PBXFileReference; lastKnownFileType = sourcecode.swift; path = GottaHearCollectionViewCell.swift; sourceTree = "<group>"; };
		562F6A452572A5DF00C50C97 /* GottaHearCollectionViewCell.xib */ = {isa = PBXFileReference; lastKnownFileType = file.xib; path = GottaHearCollectionViewCell.xib; sourceTree = "<group>"; };
		562F6A4D2572A60200C50C97 /* GottaHearTableViewCell.swift */ = {isa = PBXFileReference; lastKnownFileType = sourcecode.swift; path = GottaHearTableViewCell.swift; sourceTree = "<group>"; };
		562F6A4E2572A60200C50C97 /* GottaHearTableViewCell.xib */ = {isa = PBXFileReference; lastKnownFileType = file.xib; path = GottaHearTableViewCell.xib; sourceTree = "<group>"; };
		562F6A5325735E2D00C50C97 /* GottaHearData.swift */ = {isa = PBXFileReference; lastKnownFileType = sourcecode.swift; path = GottaHearData.swift; sourceTree = "<group>"; };
		562F6A5625735E3B00C50C97 /* GottaHear.swift */ = {isa = PBXFileReference; lastKnownFileType = sourcecode.swift; path = GottaHear.swift; sourceTree = "<group>"; };
		562F6A6125738DAD00C50C97 /* MoodTableViewCell.swift */ = {isa = PBXFileReference; lastKnownFileType = sourcecode.swift; path = MoodTableViewCell.swift; sourceTree = "<group>"; };
		562F6A6225738DAD00C50C97 /* MoodTableViewCell.xib */ = {isa = PBXFileReference; lastKnownFileType = file.xib; path = MoodTableViewCell.xib; sourceTree = "<group>"; };
		562F6A6B25738DCD00C50C97 /* MoodCollectionViewCell.swift */ = {isa = PBXFileReference; lastKnownFileType = sourcecode.swift; path = MoodCollectionViewCell.swift; sourceTree = "<group>"; };
		562F6A6C25738DCD00C50C97 /* MoodCollectionViewCell.xib */ = {isa = PBXFileReference; lastKnownFileType = file.xib; path = MoodCollectionViewCell.xib; sourceTree = "<group>"; };
		562F6A702573901F00C50C97 /* Mood.swift */ = {isa = PBXFileReference; lastKnownFileType = sourcecode.swift; path = Mood.swift; sourceTree = "<group>"; };
		562F6A732573902800C50C97 /* MoodData.swift */ = {isa = PBXFileReference; lastKnownFileType = sourcecode.swift; path = MoodData.swift; sourceTree = "<group>"; };
		562F6A7A257393C500C50C97 /* WeekendData.swift */ = {isa = PBXFileReference; lastKnownFileType = sourcecode.swift; path = WeekendData.swift; sourceTree = "<group>"; };
		562F6A7E2573947600C50C97 /* WeekendTableViewCell.swift */ = {isa = PBXFileReference; lastKnownFileType = sourcecode.swift; path = WeekendTableViewCell.swift; sourceTree = "<group>"; };
		562F6A7F2573947600C50C97 /* WeekendTableViewCell.xib */ = {isa = PBXFileReference; lastKnownFileType = file.xib; path = WeekendTableViewCell.xib; sourceTree = "<group>"; };
		562F6A842573973100C50C97 /* HotTrackData.swift */ = {isa = PBXFileReference; lastKnownFileType = sourcecode.swift; path = HotTrackData.swift; sourceTree = "<group>"; };
		562F6A872573974000C50C97 /* HotTrackSong.swift */ = {isa = PBXFileReference; lastKnownFileType = sourcecode.swift; path = HotTrackSong.swift; sourceTree = "<group>"; };
		562F6A8C257397D100C50C97 /* HotTrackTableViewCell.swift */ = {isa = PBXFileReference; lastKnownFileType = sourcecode.swift; path = HotTrackTableViewCell.swift; sourceTree = "<group>"; };
		562F6A8D257397D100C50C97 /* HotTrackTableViewCell.xib */ = {isa = PBXFileReference; lastKnownFileType = file.xib; path = HotTrackTableViewCell.xib; sourceTree = "<group>"; };
		562F6A922573995100C50C97 /* HotTrackCollectionViewCell.swift */ = {isa = PBXFileReference; lastKnownFileType = sourcecode.swift; path = HotTrackCollectionViewCell.swift; sourceTree = "<group>"; };
		562F6A932573995100C50C97 /* HotTrackCollectionViewCell.xib */ = {isa = PBXFileReference; lastKnownFileType = file.xib; path = HotTrackCollectionViewCell.xib; sourceTree = "<group>"; };
		562F6A9B25739A1900C50C97 /* HotTrackSongTableViewCell.swift */ = {isa = PBXFileReference; lastKnownFileType = sourcecode.swift; path = HotTrackSongTableViewCell.swift; sourceTree = "<group>"; };
		562F6A9C25739A1900C50C97 /* HotTrackSongTableViewCell.xib */ = {isa = PBXFileReference; lastKnownFileType = file.xib; path = HotTrackSongTableViewCell.xib; sourceTree = "<group>"; };
		562F6AA12573A82200C50C97 /* HotTrack.swift */ = {isa = PBXFileReference; lastKnownFileType = sourcecode.swift; path = HotTrack.swift; sourceTree = "<group>"; };
		562F6AA62573B01C00C50C97 /* NewMusicTableViewCell.xib */ = {isa = PBXFileReference; lastKnownFileType = file.xib; path = NewMusicTableViewCell.xib; sourceTree = "<group>"; };
		562F6AB52573B29D00C50C97 /* NewMusicData.swift */ = {isa = PBXFileReference; lastKnownFileType = sourcecode.swift; path = NewMusicData.swift; sourceTree = "<group>"; };
		562F6AB92573B6DD00C50C97 /* NewMusicTableViewCell.swift */ = {isa = PBXFileReference; fileEncoding = 4; lastKnownFileType = sourcecode.swift; path = NewMusicTableViewCell.swift; sourceTree = "<group>"; };
		562F6ABF2573BC4800C50C97 /* RadioTableViewCell.swift */ = {isa = PBXFileReference; lastKnownFileType = sourcecode.swift; path = RadioTableViewCell.swift; sourceTree = "<group>"; };
		562F6AC02573BC4800C50C97 /* RadioTableViewCell.xib */ = {isa = PBXFileReference; lastKnownFileType = file.xib; path = RadioTableViewCell.xib; sourceTree = "<group>"; };
		562F6AC42573BDAB00C50C97 /* RadioData.swift */ = {isa = PBXFileReference; lastKnownFileType = sourcecode.swift; path = RadioData.swift; sourceTree = "<group>"; };
		562F6AC92573C01300C50C97 /* DailyTopTableViewCell.swift */ = {isa = PBXFileReference; lastKnownFileType = sourcecode.swift; path = DailyTopTableViewCell.swift; sourceTree = "<group>"; };
		562F6ACA2573C01300C50C97 /* DailyTopTableViewCell.xib */ = {isa = PBXFileReference; lastKnownFileType = file.xib; path = DailyTopTableViewCell.xib; sourceTree = "<group>"; };
		562F6ACF2573C3F200C50C97 /* DailyTopData.swift */ = {isa = PBXFileReference; lastKnownFileType = sourcecode.swift; path = DailyTopData.swift; sourceTree = "<group>"; };
		562F6AD92573C70200C50C97 /* UpdateTableViewCell.swift */ = {isa = PBXFileReference; lastKnownFileType = sourcecode.swift; path = UpdateTableViewCell.swift; sourceTree = "<group>"; };
		562F6ADA2573C70200C50C97 /* UpdateTableViewCell.xib */ = {isa = PBXFileReference; lastKnownFileType = file.xib; path = UpdateTableViewCell.xib; sourceTree = "<group>"; };
		562F6ADE2573C8B200C50C97 /* UpdateCollectionViewCell.swift */ = {isa = PBXFileReference; lastKnownFileType = sourcecode.swift; path = UpdateCollectionViewCell.swift; sourceTree = "<group>"; };
		562F6ADF2573C8B200C50C97 /* UpdateCollectionViewCell.xib */ = {isa = PBXFileReference; lastKnownFileType = file.xib; path = UpdateCollectionViewCell.xib; sourceTree = "<group>"; };
		562F6AE32573CA0700C50C97 /* Update.swift */ = {isa = PBXFileReference; lastKnownFileType = sourcecode.swift; path = Update.swift; sourceTree = "<group>"; };
		562F6AE62573CA2100C50C97 /* UpdateData.swift */ = {isa = PBXFileReference; lastKnownFileType = sourcecode.swift; path = UpdateData.swift; sourceTree = "<group>"; };
		562F6AEC2573CEE900C50C97 /* LovingTableViewCell.swift */ = {isa = PBXFileReference; lastKnownFileType = sourcecode.swift; path = LovingTableViewCell.swift; sourceTree = "<group>"; };
		562F6AED2573CEE900C50C97 /* LovingTableViewCell.xib */ = {isa = PBXFileReference; lastKnownFileType = file.xib; path = LovingTableViewCell.xib; sourceTree = "<group>"; };
		562F6AF22573D02F00C50C97 /* LovingData.swift */ = {isa = PBXFileReference; lastKnownFileType = sourcecode.swift; path = LovingData.swift; sourceTree = "<group>"; };
		562F6AF62573D11B00C50C97 /* EasyTableViewCell.swift */ = {isa = PBXFileReference; lastKnownFileType = sourcecode.swift; path = EasyTableViewCell.swift; sourceTree = "<group>"; };
		562F6AF72573D11B00C50C97 /* EasyTableViewCell.xib */ = {isa = PBXFileReference; lastKnownFileType = file.xib; path = EasyTableViewCell.xib; sourceTree = "<group>"; };
		562F6AFC2573D23000C50C97 /* EasyData.swift */ = {isa = PBXFileReference; lastKnownFileType = sourcecode.swift; path = EasyData.swift; sourceTree = "<group>"; };
		562F6B012573D2CA00C50C97 /* SoonTableViewCell.swift */ = {isa = PBXFileReference; lastKnownFileType = sourcecode.swift; path = SoonTableViewCell.swift; sourceTree = "<group>"; };
		562F6B022573D2CA00C50C97 /* SoonTableViewCell.xib */ = {isa = PBXFileReference; lastKnownFileType = file.xib; path = SoonTableViewCell.xib; sourceTree = "<group>"; };
		562F6B072573D2DB00C50C97 /* InterviewTableViewCell.swift */ = {isa = PBXFileReference; lastKnownFileType = sourcecode.swift; path = InterviewTableViewCell.swift; sourceTree = "<group>"; };
		562F6B082573D2DB00C50C97 /* InterviewTableViewCell.xib */ = {isa = PBXFileReference; lastKnownFileType = file.xib; path = InterviewTableViewCell.xib; sourceTree = "<group>"; };
		562F6B0C2573D41C00C50C97 /* InterviewData.swift */ = {isa = PBXFileReference; lastKnownFileType = sourcecode.swift; path = InterviewData.swift; sourceTree = "<group>"; };
		562F6B0F2573D47200C50C97 /* Interview.swift */ = {isa = PBXFileReference; lastKnownFileType = sourcecode.swift; path = Interview.swift; sourceTree = "<group>"; };
		562F6B122573D4BE00C50C97 /* InterviewCollectionViewCell.swift */ = {isa = PBXFileReference; lastKnownFileType = sourcecode.swift; path = InterviewCollectionViewCell.swift; sourceTree = "<group>"; };
		562F6B132573D4BE00C50C97 /* InterviewCollectionViewCell.xib */ = {isa = PBXFileReference; lastKnownFileType = file.xib; path = InterviewCollectionViewCell.xib; sourceTree = "<group>"; };
		562F6B172573D94D00C50C97 /* SoonData.swift */ = {isa = PBXFileReference; lastKnownFileType = sourcecode.swift; path = SoonData.swift; sourceTree = "<group>"; };
		562F6B1B2573DA4200C50C97 /* ExploreTableViewCell.swift */ = {isa = PBXFileReference; lastKnownFileType = sourcecode.swift; path = ExploreTableViewCell.swift; sourceTree = "<group>"; };
		562F6B1C2573DA4200C50C97 /* ExploreTableViewCell.xib */ = {isa = PBXFileReference; lastKnownFileType = file.xib; path = ExploreTableViewCell.xib; sourceTree = "<group>"; };
		562F6B212573DC6000C50C97 /* MoreExploreTableViewCell.swift */ = {isa = PBXFileReference; lastKnownFileType = sourcecode.swift; path = MoreExploreTableViewCell.swift; sourceTree = "<group>"; };
		562F6B222573DC6000C50C97 /* MoreExploreTableViewCell.xib */ = {isa = PBXFileReference; lastKnownFileType = file.xib; path = MoreExploreTableViewCell.xib; sourceTree = "<group>"; };
/* End PBXFileReference section */

/* Begin PBXFrameworksBuildPhase section */
		562F69C7257157D000C50C97 /* Frameworks */ = {
			isa = PBXFrameworksBuildPhase;
			buildActionMask = 2147483647;
			files = (
			);
			runOnlyForDeploymentPostprocessing = 0;
		};
/* End PBXFrameworksBuildPhase section */

/* Begin PBXGroup section */
		562F69C1257157CF00C50C97 = {
			isa = PBXGroup;
			children = (
				562F69CC257157D000C50C97 /* apple-music */,
				562F69CB257157D000C50C97 /* Products */,
			);
			sourceTree = "<group>";
		};
		562F69CB257157D000C50C97 /* Products */ = {
			isa = PBXGroup;
			children = (
				562F69CA257157D000C50C97 /* apple-music.app */,
			);
			name = Products;
			sourceTree = "<group>";
		};
		562F69CC257157D000C50C97 /* apple-music */ = {
			isa = PBXGroup;
			children = (
				562F69E2257160FA00C50C97 /* Resources */,
				562F69E32571610400C50C97 /* Sources */,
			);
			path = "apple-music";
			sourceTree = "<group>";
		};
		562F69E2257160FA00C50C97 /* Resources */ = {
			isa = PBXGroup;
			children = (
				562F69CD257157D000C50C97 /* AppDelegate.swift */,
				562F69CF257157D000C50C97 /* SceneDelegate.swift */,
				562F69D6257157D300C50C97 /* Assets.xcassets */,
				562F69DB257157D400C50C97 /* Info.plist */,
				562F69E42571611200C50C97 /* Storyboard */,
			);
			path = Resources;
			sourceTree = "<group>";
		};
		562F69E32571610400C50C97 /* Sources */ = {
			isa = PBXGroup;
			children = (
				562F6A3D25721D3800C50C97 /* FakeData */,
				562F6A37257216FD00C50C97 /* Model */,
				562F6A0F25716D4A00C50C97 /* Cell */,
				562F69E62571613700C50C97 /* View */,
				562F69E52571612B00C50C97 /* ViewController */,
			);
			path = Sources;
			sourceTree = "<group>";
		};
		562F69E42571611200C50C97 /* Storyboard */ = {
			isa = PBXGroup;
			children = (
				562F69D8257157D400C50C97 /* LaunchScreen.storyboard */,
				562F69D3257157D000C50C97 /* Main.storyboard */,
			);
			path = Storyboard;
			sourceTree = "<group>";
		};
		562F69E52571612B00C50C97 /* ViewController */ = {
			isa = PBXGroup;
			children = (
				562F69D1257157D000C50C97 /* ViewController.swift */,
			);
			path = ViewController;
			sourceTree = "<group>";
		};
		562F69E62571613700C50C97 /* View */ = {
			isa = PBXGroup;
			children = (
			);
			path = View;
			sourceTree = "<group>";
		};
		562F6A0F25716D4A00C50C97 /* Cell */ = {
			isa = PBXGroup;
			children = (
				562F6A2F2572107000C50C97 /* News */,
				562F6A432572A59F00C50C97 /* GottaHear */,
				562F6A6025738D9200C50C97 /* Mood */,
				562F6A7D2573944D00C50C97 /* Weekend */,
				562F6A8B257397BF00C50C97 /* HotTrack */,
				562F6AAA2573B02000C50C97 /* NewMusic */,
				562F6ABE2573BC2A00C50C97 /* Radio */,
				562F6AC82573BFFD00C50C97 /* DailyTop */,
				562F6AD32573C5E800C50C97 /* Update */,
				562F6AEB2573CECD00C50C97 /* Loving */,
				562F6AF52573D10D00C50C97 /* Easy */,
				562F6B002573D2B100C50C97 /* Interviews */,
				562F6AFF2573D2AD00C50C97 /* Soon */,
				562F6B1A2573DA1F00C50C97 /* Explore */,
			);
			path = Cell;
			sourceTree = "<group>";
		};
		562F6A2F2572107000C50C97 /* News */ = {
			isa = PBXGroup;
			children = (
				562F6A2A2572106300C50C97 /* NewsTableViewCell.swift */,
				562F6A292572106300C50C97 /* NewsTableViewCell.xib */,
				562F6A33257216C700C50C97 /* NewsCollectionViewCell.swift */,
				562F6A1F2572103100C50C97 /* NewsCollectionViewCell.xib */,
			);
			path = News;
			sourceTree = "<group>";
		};
		562F6A37257216FD00C50C97 /* Model */ = {
			isa = PBXGroup;
			children = (
				562F6A382572171B00C50C97 /* News.swift */,
				562F6A5625735E3B00C50C97 /* GottaHear.swift */,
				562F6A702573901F00C50C97 /* Mood.swift */,
				562F6AA12573A82200C50C97 /* HotTrack.swift */,
				562F6A872573974000C50C97 /* HotTrackSong.swift */,
				562F6AE32573CA0700C50C97 /* Update.swift */,
				562F6B0F2573D47200C50C97 /* Interview.swift */,
			);
			path = Model;
			sourceTree = "<group>";
		};
		562F6A3D25721D3800C50C97 /* FakeData */ = {
			isa = PBXGroup;
			children = (
				562F6A3E25721D4800C50C97 /* NewsData.swift */,
				562F6A5325735E2D00C50C97 /* GottaHearData.swift */,
				562F6A732573902800C50C97 /* MoodData.swift */,
				562F6A7A257393C500C50C97 /* WeekendData.swift */,
				562F6A842573973100C50C97 /* HotTrackData.swift */,
				562F6AB52573B29D00C50C97 /* NewMusicData.swift */,
				562F6AC42573BDAB00C50C97 /* RadioData.swift */,
				562F6ACF2573C3F200C50C97 /* DailyTopData.swift */,
				562F6AE62573CA2100C50C97 /* UpdateData.swift */,
				562F6AF22573D02F00C50C97 /* LovingData.swift */,
				562F6AFC2573D23000C50C97 /* EasyData.swift */,
				562F6B0C2573D41C00C50C97 /* InterviewData.swift */,
				562F6B172573D94D00C50C97 /* SoonData.swift */,
			);
			path = FakeData;
			sourceTree = "<group>";
		};
		562F6A432572A59F00C50C97 /* GottaHear */ = {
			isa = PBXGroup;
			children = (
				562F6A4D2572A60200C50C97 /* GottaHearTableViewCell.swift */,
				562F6A4E2572A60200C50C97 /* GottaHearTableViewCell.xib */,
				562F6A442572A5DF00C50C97 /* GottaHearCollectionViewCell.swift */,
				562F6A452572A5DF00C50C97 /* GottaHearCollectionViewCell.xib */,
			);
			path = GottaHear;
			sourceTree = "<group>";
		};
		562F6A6025738D9200C50C97 /* Mood */ = {
			isa = PBXGroup;
			children = (
				562F6A6125738DAD00C50C97 /* MoodTableViewCell.swift */,
				562F6A6225738DAD00C50C97 /* MoodTableViewCell.xib */,
				562F6A6B25738DCD00C50C97 /* MoodCollectionViewCell.swift */,
				562F6A6C25738DCD00C50C97 /* MoodCollectionViewCell.xib */,
			);
			path = Mood;
			sourceTree = "<group>";
		};
		562F6A7D2573944D00C50C97 /* Weekend */ = {
			isa = PBXGroup;
			children = (
				562F6A7E2573947600C50C97 /* WeekendTableViewCell.swift */,
				562F6A7F2573947600C50C97 /* WeekendTableViewCell.xib */,
			);
			path = Weekend;
			sourceTree = "<group>";
		};
		562F6A8B257397BF00C50C97 /* HotTrack */ = {
			isa = PBXGroup;
			children = (
				562F6A8C257397D100C50C97 /* HotTrackTableViewCell.swift */,
				562F6A8D257397D100C50C97 /* HotTrackTableViewCell.xib */,
				562F6A922573995100C50C97 /* HotTrackCollectionViewCell.swift */,
				562F6A932573995100C50C97 /* HotTrackCollectionViewCell.xib */,
				562F6A9B25739A1900C50C97 /* HotTrackSongTableViewCell.swift */,
				562F6A9C25739A1900C50C97 /* HotTrackSongTableViewCell.xib */,
			);
			path = HotTrack;
			sourceTree = "<group>";
		};
		562F6AAA2573B02000C50C97 /* NewMusic */ = {
			isa = PBXGroup;
			children = (
				562F6AB92573B6DD00C50C97 /* NewMusicTableViewCell.swift */,
				562F6AA62573B01C00C50C97 /* NewMusicTableViewCell.xib */,
			);
			path = NewMusic;
			sourceTree = "<group>";
		};
		562F6ABE2573BC2A00C50C97 /* Radio */ = {
			isa = PBXGroup;
			children = (
				562F6ABF2573BC4800C50C97 /* RadioTableViewCell.swift */,
				562F6AC02573BC4800C50C97 /* RadioTableViewCell.xib */,
			);
			path = Radio;
			sourceTree = "<group>";
		};
		562F6AC82573BFFD00C50C97 /* DailyTop */ = {
			isa = PBXGroup;
			children = (
				562F6AC92573C01300C50C97 /* DailyTopTableViewCell.swift */,
				562F6ACA2573C01300C50C97 /* DailyTopTableViewCell.xib */,
			);
			path = DailyTop;
			sourceTree = "<group>";
		};
		562F6AD32573C5E800C50C97 /* Update */ = {
			isa = PBXGroup;
			children = (
				562F6AD92573C70200C50C97 /* UpdateTableViewCell.swift */,
				562F6ADA2573C70200C50C97 /* UpdateTableViewCell.xib */,
				562F6ADE2573C8B200C50C97 /* UpdateCollectionViewCell.swift */,
				562F6ADF2573C8B200C50C97 /* UpdateCollectionViewCell.xib */,
			);
			path = Update;
			sourceTree = "<group>";
		};
		562F6AEB2573CECD00C50C97 /* Loving */ = {
			isa = PBXGroup;
			children = (
				562F6AEC2573CEE900C50C97 /* LovingTableViewCell.swift */,
				562F6AED2573CEE900C50C97 /* LovingTableViewCell.xib */,
			);
			path = Loving;
			sourceTree = "<group>";
		};
		562F6AF52573D10D00C50C97 /* Easy */ = {
			isa = PBXGroup;
			children = (
				562F6AF62573D11B00C50C97 /* EasyTableViewCell.swift */,
				562F6AF72573D11B00C50C97 /* EasyTableViewCell.xib */,
			);
			path = Easy;
			sourceTree = "<group>";
		};
		562F6AFF2573D2AD00C50C97 /* Soon */ = {
			isa = PBXGroup;
			children = (
				562F6B012573D2CA00C50C97 /* SoonTableViewCell.swift */,
				562F6B022573D2CA00C50C97 /* SoonTableViewCell.xib */,
			);
			path = Soon;
			sourceTree = "<group>";
		};
		562F6B002573D2B100C50C97 /* Interviews */ = {
			isa = PBXGroup;
			children = (
				562F6B072573D2DB00C50C97 /* InterviewTableViewCell.swift */,
				562F6B082573D2DB00C50C97 /* InterviewTableViewCell.xib */,
				562F6B122573D4BE00C50C97 /* InterviewCollectionViewCell.swift */,
				562F6B132573D4BE00C50C97 /* InterviewCollectionViewCell.xib */,
			);
			path = Interviews;
			sourceTree = "<group>";
		};
		562F6B1A2573DA1F00C50C97 /* Explore */ = {
			isa = PBXGroup;
			children = (
				562F6B1B2573DA4200C50C97 /* ExploreTableViewCell.swift */,
				562F6B1C2573DA4200C50C97 /* ExploreTableViewCell.xib */,
				562F6B212573DC6000C50C97 /* MoreExploreTableViewCell.swift */,
				562F6B222573DC6000C50C97 /* MoreExploreTableViewCell.xib */,
			);
			path = Explore;
			sourceTree = "<group>";
		};
/* End PBXGroup section */

/* Begin PBXNativeTarget section */
		562F69C9257157D000C50C97 /* apple-music */ = {
			isa = PBXNativeTarget;
			buildConfigurationList = 562F69DE257157D400C50C97 /* Build configuration list for PBXNativeTarget "apple-music" */;
			buildPhases = (
				562F69C6257157D000C50C97 /* Sources */,
				562F69C7257157D000C50C97 /* Frameworks */,
				562F69C8257157D000C50C97 /* Resources */,
			);
			buildRules = (
			);
			dependencies = (
			);
			name = "apple-music";
			productName = "apple-music";
			productReference = 562F69CA257157D000C50C97 /* apple-music.app */;
			productType = "com.apple.product-type.application";
		};
/* End PBXNativeTarget section */

/* Begin PBXProject section */
		562F69C2257157CF00C50C97 /* Project object */ = {
			isa = PBXProject;
			attributes = {
				LastSwiftUpdateCheck = 1220;
				LastUpgradeCheck = 1220;
				TargetAttributes = {
					562F69C9257157D000C50C97 = {
						CreatedOnToolsVersion = 12.2;
					};
				};
			};
			buildConfigurationList = 562F69C5257157CF00C50C97 /* Build configuration list for PBXProject "apple-music" */;
			compatibilityVersion = "Xcode 9.3";
			developmentRegion = en;
			hasScannedForEncodings = 0;
			knownRegions = (
				en,
				Base,
			);
			mainGroup = 562F69C1257157CF00C50C97;
			productRefGroup = 562F69CB257157D000C50C97 /* Products */;
			projectDirPath = "";
			projectRoot = "";
			targets = (
				562F69C9257157D000C50C97 /* apple-music */,
			);
		};
/* End PBXProject section */

/* Begin PBXResourcesBuildPhase section */
		562F69C8257157D000C50C97 /* Resources */ = {
			isa = PBXResourcesBuildPhase;
			buildActionMask = 2147483647;
			files = (
				562F6A6425738DAD00C50C97 /* MoodTableViewCell.xib in Resources */,
				562F6A8F257397D100C50C97 /* HotTrackTableViewCell.xib in Resources */,
				562F6AA82573B01C00C50C97 /* NewMusicTableViewCell.xib in Resources */,
				562F6B1E2573DA4200C50C97 /* ExploreTableViewCell.xib in Resources */,
				562F6AE12573C8B200C50C97 /* UpdateCollectionViewCell.xib in Resources */,
				562F6ACC2573C01300C50C97 /* DailyTopTableViewCell.xib in Resources */,
				562F6A9E25739A1900C50C97 /* HotTrackSongTableViewCell.xib in Resources */,
				562F6A952573995100C50C97 /* HotTrackCollectionViewCell.xib in Resources */,
				562F6A472572A5DF00C50C97 /* GottaHearCollectionViewCell.xib in Resources */,
				562F69DA257157D400C50C97 /* LaunchScreen.storyboard in Resources */,
				562F6B242573DC6000C50C97 /* MoreExploreTableViewCell.xib in Resources */,
				562F69D7257157D300C50C97 /* Assets.xcassets in Resources */,
				562F6AEF2573CEE900C50C97 /* LovingTableViewCell.xib in Resources */,
				562F6B042573D2CA00C50C97 /* SoonTableViewCell.xib in Resources */,
				562F6AF92573D11B00C50C97 /* EasyTableViewCell.xib in Resources */,
				562F6B152573D4BE00C50C97 /* InterviewCollectionViewCell.xib in Resources */,
				562F6AC22573BC4800C50C97 /* RadioTableViewCell.xib in Resources */,
				562F6A6E25738DCD00C50C97 /* MoodCollectionViewCell.xib in Resources */,
				562F6A812573947600C50C97 /* WeekendTableViewCell.xib in Resources */,
				562F6A502572A60200C50C97 /* GottaHearTableViewCell.xib in Resources */,
				562F6A212572103100C50C97 /* NewsCollectionViewCell.xib in Resources */,
				562F6A2B2572106300C50C97 /* NewsTableViewCell.xib in Resources */,
				562F6B0A2573D2DB00C50C97 /* InterviewTableViewCell.xib in Resources */,
				562F69D5257157D000C50C97 /* Main.storyboard in Resources */,
				562F6ADC2573C70200C50C97 /* UpdateTableViewCell.xib in Resources */,
			);
			runOnlyForDeploymentPostprocessing = 0;
		};
/* End PBXResourcesBuildPhase section */

/* Begin PBXSourcesBuildPhase section */
		562F69C6257157D000C50C97 /* Sources */ = {
			isa = PBXSourcesBuildPhase;
			buildActionMask = 2147483647;
			files = (
				562F6A742573902800C50C97 /* MoodData.swift in Sources */,
				562F6A6325738DAD00C50C97 /* MoodTableViewCell.swift in Sources */,
				562F6AD02573C3F200C50C97 /* DailyTopData.swift in Sources */,
				562F6A392572171B00C50C97 /* News.swift in Sources */,
				562F6B232573DC6000C50C97 /* MoreExploreTableViewCell.swift in Sources */,
				562F6B032573D2CA00C50C97 /* SoonTableViewCell.swift in Sources */,
				562F69D2257157D000C50C97 /* ViewController.swift in Sources */,
				562F6AF32573D02F00C50C97 /* LovingData.swift in Sources */,
				562F6AFD2573D23000C50C97 /* EasyData.swift in Sources */,
				562F69CE257157D000C50C97 /* AppDelegate.swift in Sources */,
				562F6A4F2572A60200C50C97 /* GottaHearTableViewCell.swift in Sources */,
				562F6AE72573CA2100C50C97 /* UpdateData.swift in Sources */,
				562F6B1D2573DA4200C50C97 /* ExploreTableViewCell.swift in Sources */,
				562F6AA22573A82200C50C97 /* HotTrack.swift in Sources */,
				562F6ACB2573C01300C50C97 /* DailyTopTableViewCell.swift in Sources */,
				562F6B0D2573D41C00C50C97 /* InterviewData.swift in Sources */,
				562F6B102573D47200C50C97 /* Interview.swift in Sources */,
				562F6AB62573B29D00C50C97 /* NewMusicData.swift in Sources */,
				562F6B142573D4BE00C50C97 /* InterviewCollectionViewCell.swift in Sources */,
				562F6AE42573CA0700C50C97 /* Update.swift in Sources */,
				562F6A2C2572106300C50C97 /* NewsTableViewCell.swift in Sources */,
				562F6A882573974000C50C97 /* HotTrackSong.swift in Sources */,
				562F6AF82573D11B00C50C97 /* EasyTableViewCell.swift in Sources */,
				562F6A9D25739A1900C50C97 /* HotTrackSongTableViewCell.swift in Sources */,
				562F6ABA2573B6DD00C50C97 /* NewMusicTableViewCell.swift in Sources */,
				562F6A802573947600C50C97 /* WeekendTableViewCell.swift in Sources */,
				562F6AC12573BC4800C50C97 /* RadioTableViewCell.swift in Sources */,
				562F6ADB2573C70200C50C97 /* UpdateTableViewCell.swift in Sources */,
				562F6AE02573C8B200C50C97 /* UpdateCollectionViewCell.swift in Sources */,
				562F6AC52573BDAB00C50C97 /* RadioData.swift in Sources */,
				562F6A5725735E3B00C50C97 /* GottaHear.swift in Sources */,
				562F6A852573973100C50C97 /* HotTrackData.swift in Sources */,
				562F6B092573D2DB00C50C97 /* InterviewTableViewCell.swift in Sources */,
				562F69D0257157D000C50C97 /* SceneDelegate.swift in Sources */,
				562F6A7B257393C500C50C97 /* WeekendData.swift in Sources */,
				562F6A34257216C700C50C97 /* NewsCollectionViewCell.swift in Sources */,
				562F6A5425735E2D00C50C97 /* GottaHearData.swift in Sources */,
				562F6A712573901F00C50C97 /* Mood.swift in Sources */,
				562F6AEE2573CEE900C50C97 /* LovingTableViewCell.swift in Sources */,
				562F6A462572A5DF00C50C97 /* GottaHearCollectionViewCell.swift in Sources */,
				562F6A8E257397D100C50C97 /* HotTrackTableViewCell.swift in Sources */,
				562F6A6D25738DCD00C50C97 /* MoodCollectionViewCell.swift in Sources */,
				562F6A942573995100C50C97 /* HotTrackCollectionViewCell.swift in Sources */,
				562F6B182573D94D00C50C97 /* SoonData.swift in Sources */,
				562F6A3F25721D4800C50C97 /* NewsData.swift in Sources */,
			);
			runOnlyForDeploymentPostprocessing = 0;
		};
/* End PBXSourcesBuildPhase section */

/* Begin PBXVariantGroup section */
		562F69D3257157D000C50C97 /* Main.storyboard */ = {
			isa = PBXVariantGroup;
			children = (
				562F69D4257157D000C50C97 /* Base */,
			);
			name = Main.storyboard;
			sourceTree = "<group>";
		};
		562F69D8257157D400C50C97 /* LaunchScreen.storyboard */ = {
			isa = PBXVariantGroup;
			children = (
				562F69D9257157D400C50C97 /* Base */,
			);
			name = LaunchScreen.storyboard;
			sourceTree = "<group>";
		};
/* End PBXVariantGroup section */

/* Begin XCBuildConfiguration section */
		562F69DC257157D400C50C97 /* Debug */ = {
			isa = XCBuildConfiguration;
			buildSettings = {
				ALWAYS_SEARCH_USER_PATHS = NO;
				CLANG_ANALYZER_NONNULL = YES;
				CLANG_ANALYZER_NUMBER_OBJECT_CONVERSION = YES_AGGRESSIVE;
				CLANG_CXX_LANGUAGE_STANDARD = "gnu++14";
				CLANG_CXX_LIBRARY = "libc++";
				CLANG_ENABLE_MODULES = YES;
				CLANG_ENABLE_OBJC_ARC = YES;
				CLANG_ENABLE_OBJC_WEAK = YES;
				CLANG_WARN_BLOCK_CAPTURE_AUTORELEASING = YES;
				CLANG_WARN_BOOL_CONVERSION = YES;
				CLANG_WARN_COMMA = YES;
				CLANG_WARN_CONSTANT_CONVERSION = YES;
				CLANG_WARN_DEPRECATED_OBJC_IMPLEMENTATIONS = YES;
				CLANG_WARN_DIRECT_OBJC_ISA_USAGE = YES_ERROR;
				CLANG_WARN_DOCUMENTATION_COMMENTS = YES;
				CLANG_WARN_EMPTY_BODY = YES;
				CLANG_WARN_ENUM_CONVERSION = YES;
				CLANG_WARN_INFINITE_RECURSION = YES;
				CLANG_WARN_INT_CONVERSION = YES;
				CLANG_WARN_NON_LITERAL_NULL_CONVERSION = YES;
				CLANG_WARN_OBJC_IMPLICIT_RETAIN_SELF = YES;
				CLANG_WARN_OBJC_LITERAL_CONVERSION = YES;
				CLANG_WARN_OBJC_ROOT_CLASS = YES_ERROR;
				CLANG_WARN_QUOTED_INCLUDE_IN_FRAMEWORK_HEADER = YES;
				CLANG_WARN_RANGE_LOOP_ANALYSIS = YES;
				CLANG_WARN_STRICT_PROTOTYPES = YES;
				CLANG_WARN_SUSPICIOUS_MOVE = YES;
				CLANG_WARN_UNGUARDED_AVAILABILITY = YES_AGGRESSIVE;
				CLANG_WARN_UNREACHABLE_CODE = YES;
				CLANG_WARN__DUPLICATE_METHOD_MATCH = YES;
				COPY_PHASE_STRIP = NO;
				DEBUG_INFORMATION_FORMAT = dwarf;
				ENABLE_STRICT_OBJC_MSGSEND = YES;
				ENABLE_TESTABILITY = YES;
				GCC_C_LANGUAGE_STANDARD = gnu11;
				GCC_DYNAMIC_NO_PIC = NO;
				GCC_NO_COMMON_BLOCKS = YES;
				GCC_OPTIMIZATION_LEVEL = 0;
				GCC_PREPROCESSOR_DEFINITIONS = (
					"DEBUG=1",
					"$(inherited)",
				);
				GCC_WARN_64_TO_32_BIT_CONVERSION = YES;
				GCC_WARN_ABOUT_RETURN_TYPE = YES_ERROR;
				GCC_WARN_UNDECLARED_SELECTOR = YES;
				GCC_WARN_UNINITIALIZED_AUTOS = YES_AGGRESSIVE;
				GCC_WARN_UNUSED_FUNCTION = YES;
				GCC_WARN_UNUSED_VARIABLE = YES;
				IPHONEOS_DEPLOYMENT_TARGET = 14.2;
				MTL_ENABLE_DEBUG_INFO = INCLUDE_SOURCE;
				MTL_FAST_MATH = YES;
				ONLY_ACTIVE_ARCH = YES;
				SDKROOT = iphoneos;
				SWIFT_ACTIVE_COMPILATION_CONDITIONS = DEBUG;
				SWIFT_OPTIMIZATION_LEVEL = "-Onone";
			};
			name = Debug;
		};
		562F69DD257157D400C50C97 /* Release */ = {
			isa = XCBuildConfiguration;
			buildSettings = {
				ALWAYS_SEARCH_USER_PATHS = NO;
				CLANG_ANALYZER_NONNULL = YES;
				CLANG_ANALYZER_NUMBER_OBJECT_CONVERSION = YES_AGGRESSIVE;
				CLANG_CXX_LANGUAGE_STANDARD = "gnu++14";
				CLANG_CXX_LIBRARY = "libc++";
				CLANG_ENABLE_MODULES = YES;
				CLANG_ENABLE_OBJC_ARC = YES;
				CLANG_ENABLE_OBJC_WEAK = YES;
				CLANG_WARN_BLOCK_CAPTURE_AUTORELEASING = YES;
				CLANG_WARN_BOOL_CONVERSION = YES;
				CLANG_WARN_COMMA = YES;
				CLANG_WARN_CONSTANT_CONVERSION = YES;
				CLANG_WARN_DEPRECATED_OBJC_IMPLEMENTATIONS = YES;
				CLANG_WARN_DIRECT_OBJC_ISA_USAGE = YES_ERROR;
				CLANG_WARN_DOCUMENTATION_COMMENTS = YES;
				CLANG_WARN_EMPTY_BODY = YES;
				CLANG_WARN_ENUM_CONVERSION = YES;
				CLANG_WARN_INFINITE_RECURSION = YES;
				CLANG_WARN_INT_CONVERSION = YES;
				CLANG_WARN_NON_LITERAL_NULL_CONVERSION = YES;
				CLANG_WARN_OBJC_IMPLICIT_RETAIN_SELF = YES;
				CLANG_WARN_OBJC_LITERAL_CONVERSION = YES;
				CLANG_WARN_OBJC_ROOT_CLASS = YES_ERROR;
				CLANG_WARN_QUOTED_INCLUDE_IN_FRAMEWORK_HEADER = YES;
				CLANG_WARN_RANGE_LOOP_ANALYSIS = YES;
				CLANG_WARN_STRICT_PROTOTYPES = YES;
				CLANG_WARN_SUSPICIOUS_MOVE = YES;
				CLANG_WARN_UNGUARDED_AVAILABILITY = YES_AGGRESSIVE;
				CLANG_WARN_UNREACHABLE_CODE = YES;
				CLANG_WARN__DUPLICATE_METHOD_MATCH = YES;
				COPY_PHASE_STRIP = NO;
				DEBUG_INFORMATION_FORMAT = "dwarf-with-dsym";
				ENABLE_NS_ASSERTIONS = NO;
				ENABLE_STRICT_OBJC_MSGSEND = YES;
				GCC_C_LANGUAGE_STANDARD = gnu11;
				GCC_NO_COMMON_BLOCKS = YES;
				GCC_WARN_64_TO_32_BIT_CONVERSION = YES;
				GCC_WARN_ABOUT_RETURN_TYPE = YES_ERROR;
				GCC_WARN_UNDECLARED_SELECTOR = YES;
				GCC_WARN_UNINITIALIZED_AUTOS = YES_AGGRESSIVE;
				GCC_WARN_UNUSED_FUNCTION = YES;
				GCC_WARN_UNUSED_VARIABLE = YES;
				IPHONEOS_DEPLOYMENT_TARGET = 14.2;
				MTL_ENABLE_DEBUG_INFO = NO;
				MTL_FAST_MATH = YES;
				SDKROOT = iphoneos;
				SWIFT_COMPILATION_MODE = wholemodule;
				SWIFT_OPTIMIZATION_LEVEL = "-O";
				VALIDATE_PRODUCT = YES;
			};
			name = Release;
		};
		562F69DF257157D400C50C97 /* Debug */ = {
			isa = XCBuildConfiguration;
			buildSettings = {
				ASSETCATALOG_COMPILER_APPICON_NAME = AppIcon;
				ASSETCATALOG_COMPILER_GLOBAL_ACCENT_COLOR_NAME = AccentColor;
				CODE_SIGN_STYLE = Automatic;
				DEVELOPMENT_TEAM = EQ7Z68Z2F2;
				INFOPLIST_FILE = "apple-music/Resources/Info.plist";
				LD_RUNPATH_SEARCH_PATHS = (
					"$(inherited)",
					"@executable_path/Frameworks",
				);
				PRODUCT_BUNDLE_IDENTIFIER = "choyi.apple-music";
				PRODUCT_NAME = "$(TARGET_NAME)";
				SWIFT_VERSION = 5.0;
				TARGETED_DEVICE_FAMILY = "1,2";
			};
			name = Debug;
		};
		562F69E0257157D400C50C97 /* Release */ = {
			isa = XCBuildConfiguration;
			buildSettings = {
				ASSETCATALOG_COMPILER_APPICON_NAME = AppIcon;
				ASSETCATALOG_COMPILER_GLOBAL_ACCENT_COLOR_NAME = AccentColor;
				CODE_SIGN_STYLE = Automatic;
				DEVELOPMENT_TEAM = EQ7Z68Z2F2;
				INFOPLIST_FILE = "apple-music/Resources/Info.plist";
				LD_RUNPATH_SEARCH_PATHS = (
					"$(inherited)",
					"@executable_path/Frameworks",
				);
				PRODUCT_BUNDLE_IDENTIFIER = "choyi.apple-music";
				PRODUCT_NAME = "$(TARGET_NAME)";
				SWIFT_VERSION = 5.0;
				TARGETED_DEVICE_FAMILY = "1,2";
			};
			name = Release;
		};
/* End XCBuildConfiguration section */

/* Begin XCConfigurationList section */
		562F69C5257157CF00C50C97 /* Build configuration list for PBXProject "apple-music" */ = {
			isa = XCConfigurationList;
			buildConfigurations = (
				562F69DC257157D400C50C97 /* Debug */,
				562F69DD257157D400C50C97 /* Release */,
			);
			defaultConfigurationIsVisible = 0;
			defaultConfigurationName = Release;
		};
		562F69DE257157D400C50C97 /* Build configuration list for PBXNativeTarget "apple-music" */ = {
			isa = XCConfigurationList;
			buildConfigurations = (
				562F69DF257157D400C50C97 /* Debug */,
				562F69E0257157D400C50C97 /* Release */,
			);
			defaultConfigurationIsVisible = 0;
			defaultConfigurationName = Release;
		};
/* End XCConfigurationList section */
	};
	rootObject = 562F69C2257157CF00C50C97 /* Project object */;
}
